// !$*UTF8*$!
{
	archiveVersion = 1;
	classes = {
	};
	objectVersion = 46;
	objects = {

/* Begin PBXBuildFile section */
		959CD7C91AB2459800015916 /* main.m in Sources */ = {isa = PBXBuildFile; fileRef = 959CD7C81AB2459800015916 /* main.m */; };
		959CD7CC1AB2459800015916 /* AppDelegate.m in Sources */ = {isa = PBXBuildFile; fileRef = 959CD7CB1AB2459800015916 /* AppDelegate.m */; };
		959CD7CF1AB2459800015916 /* ViewController.m in Sources */ = {isa = PBXBuildFile; fileRef = 959CD7CE1AB2459800015916 /* ViewController.m */; };
		959CD7D21AB2459800015916 /* Main.storyboard in Resources */ = {isa = PBXBuildFile; fileRef = 959CD7D01AB2459800015916 /* Main.storyboard */; };
		959CD7D41AB2459800015916 /* Images.xcassets in Resources */ = {isa = PBXBuildFile; fileRef = 959CD7D31AB2459800015916 /* Images.xcassets */; };
		959CD7D71AB2459800015916 /* LaunchScreen.xib in Resources */ = {isa = PBXBuildFile; fileRef = 959CD7D51AB2459800015916 /* LaunchScreen.xib */; };
		959CD7E31AB2459800015916 /* DASTests.m in Sources */ = {isa = PBXBuildFile; fileRef = 959CD7E21AB2459800015916 /* DASTests.m */; };
/* End PBXBuildFile section */

/* Begin PBXContainerItemProxy section */
		959CD7DD1AB2459800015916 /* PBXContainerItemProxy */ = {
			isa = PBXContainerItemProxy;
			containerPortal = 959CD7BB1AB2459800015916 /* Project object */;
			proxyType = 1;
			remoteGlobalIDString = 959CD7C21AB2459800015916;
			remoteInfo = DAS;
		};
/* End PBXContainerItemProxy section */

/* Begin PBXFileReference section */
		959CD7C31AB2459800015916 /* DAS.app */ = {isa = PBXFileReference; explicitFileType = wrapper.application; includeInIndex = 0; path = DAS.app; sourceTree = BUILT_PRODUCTS_DIR; };
		959CD7C71AB2459800015916 /* Info.plist */ = {isa = PBXFileReference; lastKnownFileType = text.plist.xml; path = Info.plist; sourceTree = "<group>"; };
		959CD7C81AB2459800015916 /* main.m */ = {isa = PBXFileReference; lastKnownFileType = sourcecode.c.objc; path = main.m; sourceTree = "<group>"; };
		959CD7CA1AB2459800015916 /* AppDelegate.h */ = {isa = PBXFileReference; lastKnownFileType = sourcecode.c.h; path = AppDelegate.h; sourceTree = "<group>"; };
		959CD7CB1AB2459800015916 /* AppDelegate.m */ = {isa = PBXFileReference; lastKnownFileType = sourcecode.c.objc; path = AppDelegate.m; sourceTree = "<group>"; };
		959CD7CD1AB2459800015916 /* ViewController.h */ = {isa = PBXFileReference; lastKnownFileType = sourcecode.c.h; path = ViewController.h; sourceTree = "<group>"; };
		959CD7CE1AB2459800015916 /* ViewController.m */ = {isa = PBXFileReference; lastKnownFileType = sourcecode.c.objc; path = ViewController.m; sourceTree = "<group>"; };
		959CD7D11AB2459800015916 /* Base */ = {isa = PBXFileReference; lastKnownFileType = file.storyboard; name = Base; path = Base.lproj/Main.storyboard; sourceTree = "<group>"; };
		959CD7D31AB2459800015916 /* Images.xcassets */ = {isa = PBXFileReference; lastKnownFileType = folder.assetcatalog; path = Images.xcassets; sourceTree = "<group>"; };
		959CD7D61AB2459800015916 /* Base */ = {isa = PBXFileReference; lastKnownFileType = file.xib; name = Base; path = Base.lproj/LaunchScreen.xib; sourceTree = "<group>"; };
		959CD7DC1AB2459800015916 /* DASTests.xctest */ = {isa = PBXFileReference; explicitFileType = wrapper.cfbundle; includeInIndex = 0; path = DASTests.xctest; sourceTree = BUILT_PRODUCTS_DIR; };
		959CD7E11AB2459800015916 /* Info.plist */ = {isa = PBXFileReference; lastKnownFileType = text.plist.xml; path = Info.plist; sourceTree = "<group>"; };
		959CD7E21AB2459800015916 /* DASTests.m */ = {isa = PBXFileReference; lastKnownFileType = sourcecode.c.objc; path = DASTests.m; sourceTree = "<group>"; };
/* End PBXFileReference section */

/* Begin PBXFrameworksBuildPhase section */
		959CD7C01AB2459800015916 /* Frameworks */ = {
			isa = PBXFrameworksBuildPhase;
			buildActionMask = 2147483647;
			files = (
			);
			runOnlyForDeploymentPostprocessing = 0;
		};
		959CD7D91AB2459800015916 /* Frameworks */ = {
			isa = PBXFrameworksBuildPhase;
			buildActionMask = 2147483647;
			files = (
			);
			runOnlyForDeploymentPostprocessing = 0;
		};
/* End PBXFrameworksBuildPhase section */

/* Begin PBXGroup section */
		959CD7BA1AB2459800015916 = {
			isa = PBXGroup;
			children = (
				959CD7C51AB2459800015916 /* DAS */,
				959CD7DF1AB2459800015916 /* DASTests */,
				959CD7C41AB2459800015916 /* Products */,
			);
			sourceTree = "<group>";
		};
		959CD7C41AB2459800015916 /* Products */ = {
			isa = PBXGroup;
			children = (
				959CD7C31AB2459800015916 /* DAS.app */,
				959CD7DC1AB2459800015916 /* DASTests.xctest */,
			);
			name = Products;
			sourceTree = "<group>";
		};
		959CD7C51AB2459800015916 /* DAS */ = {
			isa = PBXGroup;
			children = (
				959CD7CA1AB2459800015916 /* AppDelegate.h */,
				959CD7CB1AB2459800015916 /* AppDelegate.m */,
				959CD7CD1AB2459800015916 /* ViewController.h */,
				959CD7CE1AB2459800015916 /* ViewController.m */,
				959CD7D01AB2459800015916 /* Main.storyboard */,
				959CD7D31AB2459800015916 /* Images.xcassets */,
				959CD7D51AB2459800015916 /* LaunchScreen.xib */,
				959CD7C61AB2459800015916 /* Supporting Files */,
			);
			path = DAS;
			sourceTree = "<group>";
		};
		959CD7C61AB2459800015916 /* Supporting Files */ = {
			isa = PBXGroup;
			children = (
				959CD7C71AB2459800015916 /* Info.plist */,
				959CD7C81AB2459800015916 /* main.m */,
			);
			name = "Supporting Files";
			sourceTree = "<group>";
		};
		959CD7DF1AB2459800015916 /* DASTests */ = {
			isa = PBXGroup;
			children = (
				959CD7E21AB2459800015916 /* DASTests.m */,
				959CD7E01AB2459800015916 /* Supporting Files */,
			);
			path = DASTests;
			sourceTree = "<group>";
		};
		959CD7E01AB2459800015916 /* Supporting Files */ = {
			isa = PBXGroup;
			children = (
				959CD7E11AB2459800015916 /* Info.plist */,
			);
			name = "Supporting Files";
			sourceTree = "<group>";
		};
/* End PBXGroup section */

/* Begin PBXNativeTarget section */
		959CD7C21AB2459800015916 /* DAS */ = {
			isa = PBXNativeTarget;
			buildConfigurationList = 959CD7E61AB2459800015916 /* Build configuration list for PBXNativeTarget "DAS" */;
			buildPhases = (
				959CD7BF1AB2459800015916 /* Sources */,
				959CD7C01AB2459800015916 /* Frameworks */,
				959CD7C11AB2459800015916 /* Resources */,
			);
			buildRules = (
			);
			dependencies = (
			);
			name = DAS;
			productName = DAS;
			productReference = 959CD7C31AB2459800015916 /* DAS.app */;
			productType = "com.apple.product-type.application";
		};
		959CD7DB1AB2459800015916 /* DASTests */ = {
			isa = PBXNativeTarget;
			buildConfigurationList = 959CD7E91AB2459800015916 /* Build configuration list for PBXNativeTarget "DASTests" */;
			buildPhases = (
				959CD7D81AB2459800015916 /* Sources */,
				959CD7D91AB2459800015916 /* Frameworks */,
				959CD7DA1AB2459800015916 /* Resources */,
			);
			buildRules = (
			);
			dependencies = (
				959CD7DE1AB2459800015916 /* PBXTargetDependency */,
			);
			name = DASTests;
			productName = DASTests;
			productReference = 959CD7DC1AB2459800015916 /* DASTests.xctest */;
			productType = "com.apple.product-type.bundle.unit-test";
		};
/* End PBXNativeTarget section */

/* Begin PBXProject section */
		959CD7BB1AB2459800015916 /* Project object */ = {
			isa = PBXProject;
			attributes = {
				LastUpgradeCheck = 0620;
				ORGANIZATIONNAME = MengqianLiu;
				TargetAttributes = {
					959CD7C21AB2459800015916 = {
						CreatedOnToolsVersion = 6.2;
					};
					959CD7DB1AB2459800015916 = {
						CreatedOnToolsVersion = 6.2;
						TestTargetID = 959CD7C21AB2459800015916;
					};
				};
			};
			buildConfigurationList = 959CD7BE1AB2459800015916 /* Build configuration list for PBXProject "DAS" */;
			compatibilityVersion = "Xcode 3.2";
			developmentRegion = English;
			hasScannedForEncodings = 0;
			knownRegions = (
				en,
				Base,
			);
			mainGroup = 959CD7BA1AB2459800015916;
			productRefGroup = 959CD7C41AB2459800015916 /* Products */;
			projectDirPath = "";
			projectRoot = "";
			targets = (
				959CD7C21AB2459800015916 /* DAS */,
				959CD7DB1AB2459800015916 /* DASTests */,
			);
		};
/* End PBXProject section */

/* Begin PBXResourcesBuildPhase section */
		959CD7C11AB2459800015916 /* Resources */ = {
			isa = PBXResourcesBuildPhase;
			buildActionMask = 2147483647;
			files = (
				959CD7D21AB2459800015916 /* Main.storyboard in Resources */,
				959CD7D71AB2459800015916 /* LaunchScreen.xib in Resources */,
				959CD7D41AB2459800015916 /* Images.xcassets in Resources */,
			);
			runOnlyForDeploymentPostprocessing = 0;
		};
		959CD7DA1AB2459800015916 /* Resources */ = {
			isa = PBXResourcesBuildPhase;
			buildActionMask = 2147483647;
			files = (
			);
			runOnlyForDeploymentPostprocessing = 0;
		};
/* End PBXResourcesBuildPhase section */

/* Begin PBXSourcesBuildPhase section */
		959CD7BF1AB2459800015916 /* Sources */ = {
			isa = PBXSourcesBuildPhase;
			buildActionMask = 2147483647;
			files = (
				959CD7CF1AB2459800015916 /* ViewController.m in Sources */,
				959CD7CC1AB2459800015916 /* AppDelegate.m in Sources */,
				959CD7C91AB2459800015916 /* main.m in Sources */,
			);
			runOnlyForDeploymentPostprocessing = 0;
		};
		959CD7D81AB2459800015916 /* Sources */ = {
			isa = PBXSourcesBuildPhase;
			buildActionMask = 2147483647;
			files = (
				959CD7E31AB2459800015916 /* DASTests.m in Sources */,
			);
			runOnlyForDeploymentPostprocessing = 0;
		};
/* End PBXSourcesBuildPhase section */

/* Begin PBXTargetDependency section */
		959CD7DE1AB2459800015916 /* PBXTargetDependency */ = {
			isa = PBXTargetDependency;
			target = 959CD7C21AB2459800015916 /* DAS */;
			targetProxy = 959CD7DD1AB2459800015916 /* PBXContainerItemProxy */;
		};
/* End PBXTargetDependency section */

/* Begin PBXVariantGroup section */
		959CD7D01AB2459800015916 /* Main.storyboard */ = {
			isa = PBXVariantGroup;
			children = (
				959CD7D11AB2459800015916 /* Base */,
			);
			name = Main.storyboard;
			sourceTree = "<group>";
		};
		959CD7D51AB2459800015916 /* LaunchScreen.xib */ = {
			isa = PBXVariantGroup;
			children = (
				959CD7D61AB2459800015916 /* Base */,
			);
			name = LaunchScreen.xib;
			sourceTree = "<group>";
		};
/* End PBXVariantGroup section */

/* Begin XCBuildConfiguration section */
		959CD7E41AB2459800015916 /* Debug */ = {
			isa = XCBuildConfiguration;
			buildSettings = {
				ALWAYS_SEARCH_USER_PATHS = NO;
				CLANG_CXX_LANGUAGE_STANDARD = "gnu++0x";
				CLANG_CXX_LIBRARY = "libc++";
				CLANG_ENABLE_MODULES = YES;
				CLANG_ENABLE_OBJC_ARC = YES;
				CLANG_WARN_BOOL_CONVERSION = YES;
				CLANG_WARN_CONSTANT_CONVERSION = YES;
				CLANG_WARN_DIRECT_OBJC_ISA_USAGE = YES_ERROR;
				CLANG_WARN_EMPTY_BODY = YES;
				CLANG_WARN_ENUM_CONVERSION = YES;
				CLANG_WARN_INT_CONVERSION = YES;
				CLANG_WARN_OBJC_ROOT_CLASS = YES_ERROR;
				CLANG_WARN_UNREACHABLE_CODE = YES;
				CLANG_WARN__DUPLICATE_METHOD_MATCH = YES;
				"CODE_SIGN_IDENTITY[sdk=iphoneos*]" = "iPhone Developer";
				COPY_PHASE_STRIP = NO;
				ENABLE_STRICT_OBJC_MSGSEND = YES;
				GCC_C_LANGUAGE_STANDARD = gnu99;
				GCC_DYNAMIC_NO_PIC = NO;
				GCC_OPTIMIZATION_LEVEL = 0;
				GCC_PREPROCESSOR_DEFINITIONS = (
					"DEBUG=1",
					"$(inherited)",
				);
				GCC_SYMBOLS_PRIVATE_EXTERN = NO;
				GCC_WARN_64_TO_32_BIT_CONVERSION = YES;
				GCC_WARN_ABOUT_RETURN_TYPE = YES_ERROR;
				GCC_WARN_UNDECLARED_SELECTOR = YES;
				GCC_WARN_UNINITIALIZED_AUTOS = YES_AGGRESSIVE;
				GCC_WARN_UNUSED_FUNCTION = YES;
				GCC_WARN_UNUSED_VARIABLE = YES;
				IPHONEOS_DEPLOYMENT_TARGET = 8.2;
				MTL_ENABLE_DEBUG_INFO = YES;
				ONLY_ACTIVE_ARCH = YES;
				SDKROOT = iphoneos;
			};
			name = Debug;
		};
		959CD7E51AB2459800015916 /* Release */ = {
			isa = XCBuildConfiguration;
			buildSettings = {
				ALWAYS_SEARCH_USER_PATHS = NO;
				CLANG_CXX_LANGUAGE_STANDARD = "gnu++0x";
				CLANG_CXX_LIBRARY = "libc++";
				CLANG_ENABLE_MODULES = YES;
				CLANG_ENABLE_OBJC_ARC = YES;
				CLANG_WARN_BOOL_CONVERSION = YES;
				CLANG_WARN_CONSTANT_CONVERSION = YES;
				CLANG_WARN_DIRECT_OBJC_ISA_USAGE = YES_ERROR;
				CLANG_WARN_EMPTY_BODY = YES;
				CLANG_WARN_ENUM_CONVERSION = YES;
				CLANG_WARN_INT_CONVERSION = YES;
				CLANG_WARN_OBJC_ROOT_CLASS = YES_ERROR;
				CLANG_WARN_UNREACHABLE_CODE = YES;
				CLANG_WARN__DUPLICATE_METHOD_MATCH = YES;
				"CODE_SIGN_IDENTITY[sdk=iphoneos*]" = "iPhone Developer";
				COPY_PHASE_STRIP = NO;
				ENABLE_NS_ASSERTIONS = NO;
				ENABLE_STRICT_OBJC_MSGSEND = YES;
				GCC_C_LANGUAGE_STANDARD = gnu99;
				GCC_WARN_64_TO_32_BIT_CONVERSION = YES;
				GCC_WARN_ABOUT_RETURN_TYPE = YES_ERROR;
				GCC_WARN_UNDECLARED_SELECTOR = YES;
				GCC_WARN_UNINITIALIZED_AUTOS = YES_AGGRESSIVE;
				GCC_WARN_UNUSED_FUNCTION = YES;
				GCC_WARN_UNUSED_VARIABLE = YES;
				IPHONEOS_DEPLOYMENT_TARGET = 8.2;
				MTL_ENABLE_DEBUG_INFO = NO;
				SDKROOT = iphoneos;
				VALIDATE_PRODUCT = YES;
			};
			name = Release;
		};
		959CD7E71AB2459800015916 /* Debug */ = {
			isa = XCBuildConfiguration;
			buildSettings = {
				ASSETCATALOG_COMPILER_APPICON_NAME = AppIcon;
				INFOPLIST_FILE = DAS/Info.plist;
				LD_RUNPATH_SEARCH_PATHS = "$(inherited) @executable_path/Frameworks";
				PRODUCT_NAME = "$(TARGET_NAME)";
			};
			name = Debug;
		};
		959CD7E81AB2459800015916 /* Release */ = {
			isa = XCBuildConfiguration;
			buildSettings = {
				ASSETCATALOG_COMPILER_APPICON_NAME = AppIcon;
				INFOPLIST_FILE = DAS/Info.plist;
				LD_RUNPATH_SEARCH_PATHS = "$(inherited) @executable_path/Frameworks";
				PRODUCT_NAME = "$(TARGET_NAME)";
			};
			name = Release;
		};
		959CD7EA1AB2459800015916 /* Debug */ = {
			isa = XCBuildConfiguration;
			buildSettings = {
				BUNDLE_LOADER = "$(TEST_HOST)";
				FRAMEWORK_SEARCH_PATHS = (
					"$(SDKROOT)/Developer/Library/Frameworks",
					"$(inherited)",
				);
				GCC_PREPROCESSOR_DEFINITIONS = (
					"DEBUG=1",
					"$(inherited)",
				);
				INFOPLIST_FILE = DASTests/Info.plist;
				LD_RUNPATH_SEARCH_PATHS = "$(inherited) @executable_path/Frameworks @loader_path/Frameworks";
				PRODUCT_NAME = "$(TARGET_NAME)";
				TEST_HOST = "$(BUILT_PRODUCTS_DIR)/DAS.app/DAS";
			};
			name = Debug;
		};
		959CD7EB1AB2459800015916 /* Release */ = {
			isa = XCBuildConfiguration;
			buildSettings = {
				BUNDLE_LOADER = "$(TEST_HOST)";
				FRAMEWORK_SEARCH_PATHS = (
					"$(SDKROOT)/Developer/Library/Frameworks",
					"$(inherited)",
				);
				INFOPLIST_FILE = DASTests/Info.plist;
				LD_RUNPATH_SEARCH_PATHS = "$(inherited) @executable_path/Frameworks @loader_path/Frameworks";
				PRODUCT_NAME = "$(TARGET_NAME)";
				TEST_HOST = "$(BUILT_PRODUCTS_DIR)/DAS.app/DAS";
			};
			name = Release;
		};
/* End XCBuildConfiguration section */

/* Begin XCConfigurationList section */
		959CD7BE1AB2459800015916 /* Build configuration list for PBXProject "DAS" */ = {
			isa = XCConfigurationList;
			buildConfigurations = (
				959CD7E41AB2459800015916 /* Debug */,
				959CD7E51AB2459800015916 /* Release */,
			);
			defaultConfigurationIsVisible = 0;
			defaultConfigurationName = Release;
		};
		959CD7E61AB2459800015916 /* Build configuration list for PBXNativeTarget "DAS" */ = {
			isa = XCConfigurationList;
			buildConfigurations = (
				959CD7E71AB2459800015916 /* Debug */,
				959CD7E81AB2459800015916 /* Release */,
			);
			defaultConfigurationIsVisible = 0;
		};
		959CD7E91AB2459800015916 /* Build configuration list for PBXNativeTarget "DASTests" */ = {
			isa = XCConfigurationList;
			buildConfigurations = (
				959CD7EA1AB2459800015916 /* Debug */,
				959CD7EB1AB2459800015916 /* Release */,
			);
			defaultConfigurationIsVisible = 0;
		};
/* End XCConfigurationList section */
	};
	rootObject = 959CD7BB1AB2459800015916 /* Project object */;
}
